
Microsoft Visual Studio Solution File, Format Version 12.00
# Visual Studio Version 16
VisualStudioVersion = 16.0.30503.244
MinimumVisualStudioVersion = 10.0.40219.1
Project("{2150E333-8FDC-42A3-9474-1A3956D46DE8}") = "src", "src", "{1BCD75C3-178D-40FB-8132-38C2E3BF3CF0}"
EndProject
Project("{2150E333-8FDC-42A3-9474-1A3956D46DE8}") = "Catalog", "Catalog", "{987C43E6-E42C-46B7-945F-FC491F3D8C7D}"
EndProject
Project("{9A19103F-16F7-4668-BE54-9A1E7A4F7556}") = "Catalog.API", "src\Catalog\Catalog.API\Catalog.API.csproj", "{52094BBE-AB04-48F9-BF2C-7C8245FDE828}"
EndProject
Project("{E53339B2-1760-4266-BCC7-CA923CBCF16C}") = "docker-compose", "docker-compose.dcproj", "{15936AA1-5E4C-4F71-8BE1-997ACE0651C9}"
EndProject
Project("{2150E333-8FDC-42A3-9474-1A3956D46DE8}") = "Basket", "Basket", "{9646873F-C0FC-4D25-A06E-5E913E26D33E}"
EndProject
Project("{9A19103F-16F7-4668-BE54-9A1E7A4F7556}") = "Basket.API", "src\Basket\Basket.API\Basket.API.csproj", "{60995065-13F2-432B-BBC3-893535DC62CF}"
EndProject
Project("{2150E333-8FDC-42A3-9474-1A3956D46DE8}") = "Common", "Common", "{E4EF98A5-1122-4B1B-B45C-1FD079B2F16F}"
EndProject
Project("{9A19103F-16F7-4668-BE54-9A1E7A4F7556}") = "EventBusRabbitMQ", "src\Common\EventBusRabbitMQ\EventBusRabbitMQ.csproj", "{39E5AB0D-68B5-4DD5-893A-AA6E21832580}"
EndProject
Project("{2150E333-8FDC-42A3-9474-1A3956D46DE8}") = "Ordering", "Ordering", "{82062158-4809-4798-AE2E-587BC072FBBC}"
EndProject
Project("{FAE04EC0-301F-11D3-BF4B-00C04F79EFBC}") = "Ordering.API", "src\Ordering\Ordering.API\Ordering.API.csproj", "{B31246E6-4B85-4D2A-AD83-BC4118F92560}"
EndProject
Project("{FAE04EC0-301F-11D3-BF4B-00C04F79EFBC}") = "Ordering.Core", "src\Ordering\Ordering.Core\Ordering.Core.csproj", "{A7F36742-6CD4-49D3-B509-DA198CC2D6F1}"
EndProject
Project("{FAE04EC0-301F-11D3-BF4B-00C04F79EFBC}") = "Ordering.Infrastructure", "src\Ordering\Ordering.Infrastructure\Ordering.Infrastructure.csproj", "{638B48B8-402E-41F0-86C9-EB3D454F95CF}"
EndProject
Project("{FAE04EC0-301F-11D3-BF4B-00C04F79EFBC}") = "Ordering.Application", "src\Ordering\Ordering.Application\Ordering.Application.csproj", "{BF49B2D5-9FAF-4AAB-9488-031D329B7FED}"
EndProject
Global
	GlobalSection(SolutionConfigurationPlatforms) = preSolution
		Debug|Any CPU = Debug|Any CPU
		Release|Any CPU = Release|Any CPU
	EndGlobalSection
	GlobalSection(ProjectConfigurationPlatforms) = postSolution
		{52094BBE-AB04-48F9-BF2C-7C8245FDE828}.Debug|Any CPU.ActiveCfg = Debug|Any CPU
		{52094BBE-AB04-48F9-BF2C-7C8245FDE828}.Debug|Any CPU.Build.0 = Debug|Any CPU
		{52094BBE-AB04-48F9-BF2C-7C8245FDE828}.Release|Any CPU.ActiveCfg = Release|Any CPU
		{52094BBE-AB04-48F9-BF2C-7C8245FDE828}.Release|Any CPU.Build.0 = Release|Any CPU
		{15936AA1-5E4C-4F71-8BE1-997ACE0651C9}.Debug|Any CPU.ActiveCfg = Debug|Any CPU
		{15936AA1-5E4C-4F71-8BE1-997ACE0651C9}.Debug|Any CPU.Build.0 = Debug|Any CPU
		{15936AA1-5E4C-4F71-8BE1-997ACE0651C9}.Release|Any CPU.ActiveCfg = Release|Any CPU
		{15936AA1-5E4C-4F71-8BE1-997ACE0651C9}.Release|Any CPU.Build.0 = Release|Any CPU
		{60995065-13F2-432B-BBC3-893535DC62CF}.Debug|Any CPU.ActiveCfg = Debug|Any CPU
		{60995065-13F2-432B-BBC3-893535DC62CF}.Debug|Any CPU.Build.0 = Debug|Any CPU
		{60995065-13F2-432B-BBC3-893535DC62CF}.Release|Any CPU.ActiveCfg = Release|Any CPU
		{60995065-13F2-432B-BBC3-893535DC62CF}.Release|Any CPU.Build.0 = Release|Any CPU
		{39E5AB0D-68B5-4DD5-893A-AA6E21832580}.Debug|Any CPU.ActiveCfg = Debug|Any CPU
		{39E5AB0D-68B5-4DD5-893A-AA6E21832580}.Debug|Any CPU.Build.0 = Debug|Any CPU
		{39E5AB0D-68B5-4DD5-893A-AA6E21832580}.Release|Any CPU.ActiveCfg = Release|Any CPU
		{39E5AB0D-68B5-4DD5-893A-AA6E21832580}.Release|Any CPU.Build.0 = Release|Any CPU
		{B31246E6-4B85-4D2A-AD83-BC4118F92560}.Debug|Any CPU.ActiveCfg = Debug|Any CPU
		{B31246E6-4B85-4D2A-AD83-BC4118F92560}.Debug|Any CPU.Build.0 = Debug|Any CPU
		{B31246E6-4B85-4D2A-AD83-BC4118F92560}.Release|Any CPU.ActiveCfg = Release|Any CPU
		{B31246E6-4B85-4D2A-AD83-BC4118F92560}.Release|Any CPU.Build.0 = Release|Any CPU
		{A7F36742-6CD4-49D3-B509-DA198CC2D6F1}.Debug|Any CPU.ActiveCfg = Debug|Any CPU
		{A7F36742-6CD4-49D3-B509-DA198CC2D6F1}.Debug|Any CPU.Build.0 = Debug|Any CPU
		{A7F36742-6CD4-49D3-B509-DA198CC2D6F1}.Release|Any CPU.ActiveCfg = Release|Any CPU
		{A7F36742-6CD4-49D3-B509-DA198CC2D6F1}.Release|Any CPU.Build.0 = Release|Any CPU
		{638B48B8-402E-41F0-86C9-EB3D454F95CF}.Debug|Any CPU.ActiveCfg = Debug|Any CPU
		{638B48B8-402E-41F0-86C9-EB3D454F95CF}.Debug|Any CPU.Build.0 = Debug|Any CPU
		{638B48B8-402E-41F0-86C9-EB3D454F95CF}.Release|Any CPU.ActiveCfg = Release|Any CPU
		{638B48B8-402E-41F0-86C9-EB3D454F95CF}.Release|Any CPU.Build.0 = Release|Any CPU
		{BF49B2D5-9FAF-4AAB-9488-031D329B7FED}.Debug|Any CPU.ActiveCfg = Debug|Any CPU
		{BF49B2D5-9FAF-4AAB-9488-031D329B7FED}.Debug|Any CPU.Build.0 = Debug|Any CPU
		{BF49B2D5-9FAF-4AAB-9488-031D329B7FED}.Release|Any CPU.ActiveCfg = Release|Any CPU
		{BF49B2D5-9FAF-4AAB-9488-031D329B7FED}.Release|Any CPU.Build.0 = Release|Any CPU
	EndGlobalSection
	GlobalSection(SolutionProperties) = preSolution
		HideSolutionNode = FALSE
	EndGlobalSection
	GlobalSection(NestedProjects) = preSolution
		{987C43E6-E42C-46B7-945F-FC491F3D8C7D} = {1BCD75C3-178D-40FB-8132-38C2E3BF3CF0}
		{52094BBE-AB04-48F9-BF2C-7C8245FDE828} = {987C43E6-E42C-46B7-945F-FC491F3D8C7D}
		{9646873F-C0FC-4D25-A06E-5E913E26D33E} = {1BCD75C3-178D-40FB-8132-38C2E3BF3CF0}
		{60995065-13F2-432B-BBC3-893535DC62CF} = {9646873F-C0FC-4D25-A06E-5E913E26D33E}
		{E4EF98A5-1122-4B1B-B45C-1FD079B2F16F} = {1BCD75C3-178D-40FB-8132-38C2E3BF3CF0}
		{39E5AB0D-68B5-4DD5-893A-AA6E21832580} = {E4EF98A5-1122-4B1B-B45C-1FD079B2F16F}
		{82062158-4809-4798-AE2E-587BC072FBBC} = {1BCD75C3-178D-40FB-8132-38C2E3BF3CF0}
		{B31246E6-4B85-4D2A-AD83-BC4118F92560} = {82062158-4809-4798-AE2E-587BC072FBBC}
		{A7F36742-6CD4-49D3-B509-DA198CC2D6F1} = {82062158-4809-4798-AE2E-587BC072FBBC}
		{638B48B8-402E-41F0-86C9-EB3D454F95CF} = {82062158-4809-4798-AE2E-587BC072FBBC}
		{BF49B2D5-9FAF-4AAB-9488-031D329B7FED} = {82062158-4809-4798-AE2E-587BC072FBBC}
	EndGlobalSection
	GlobalSection(ExtensibilityGlobals) = postSolution
		SolutionGuid = {8952BCDA-D978-480F-B7DE-1D5025AF94AB}
	EndGlobalSection
EndGlobal
